# DO NOT EDIT MANUALLY - Managed by Fern Replay
version: "1.0"
generations:
  - commit_sha: b22cbd1b35272a7f468ecd52231219474753c9e3
    tree_hash: 6eb3bd1b82dfa9d26610548f364ea9b2d9675d84
    timestamp: 2026-06-03T14:09:03.069Z
    cli_version: unknown
    generator_versions: {}
  - commit_sha: 0dc38e2893dcf0b5bd1de6593e524e38b372bc69
    tree_hash: afb0c09d274648316af9f22486f00ceafd3f6973
    timestamp: 2026-08-14T07:35:31.277Z
    cli_version: unknown
    generator_versions:
      fernapi/fern-java-sdk: 4.18.1
  - commit_sha: 4c3fd0dd7e8ec17ddba8a0ebefe06563b49dda45
    tree_hash: 79a011c4d5fd149913f7e3de9df4e4febc4f8cb7
    timestamp: 2026-09-05T10:10:23.506Z
    cli_version: unknown
    generator_versions:
      fernapi/fern-java-sdk: 4.18.1
current_generation: 4c3fd0dd7e8ec17ddba8a0ebefe06563b49dda45
patches: []
