# DO NOT EDIT MANUALLY - Managed by Fern Replay
version: "1.0"
generations:
  - commit_sha: 2aaf6e33b56f145e759bbd2b316d352cc0dd1423
    tree_hash: a4bbbe35f9600eff1a47056f05485e181f1af358
    timestamp: 2026-05-20T18:35:41.432Z
    cli_version: unknown
    generator_versions: {}
current_generation: 2aaf6e33b56f145e759bbd2b316d352cc0dd1423
patches: []
